
Microsoft Visual Studio Solution File, Format Version 12.00
# Visual Studio Version 16
VisualStudioVersion = 16.0.31624.102
MinimumVisualStudioVersion = 10.0.40219.1
Project("{FAE04EC0-301F-11D3-BF4B-00C04F79EFBC}") = "Задание 3", "Задание 3\Задание 3.csproj", "{F2CE5360-8607-4936-A988-A1C3188BB737}"
EndProject
Global
	GlobalSection(SolutionConfigurationPlatforms) = preSolution
		Debug|Any CPU = Debug|Any CPU
		Release|Any CPU = Release|Any CPU
	EndGlobalSection
	GlobalSection(ProjectConfigurationPlatforms) = postSolution
		{F2CE5360-8607-4936-A988-A1C3188BB737}.Debug|Any CPU.ActiveCfg = Debug|Any CPU
		{F2CE5360-8607-4936-A988-A1C3188BB737}.Debug|Any CPU.Build.0 = Debug|Any CPU
		{F2CE5360-8607-4936-A988-A1C3188BB737}.Release|Any CPU.ActiveCfg = Release|Any CPU
		{F2CE5360-8607-4936-A988-A1C3188BB737}.Release|Any CPU.Build.0 = Release|Any CPU
	EndGlobalSection
	GlobalSection(SolutionProperties) = preSolution
		HideSolutionNode = FALSE
	EndGlobalSection
	GlobalSection(ExtensibilityGlobals) = postSolution
		SolutionGuid = {03CC65BB-2217-4484-A0EB-DB45DC1181A3}
	EndGlobalSection
EndGlobal
